// !$*UTF8*$!
{
	archiveVersion = 1;
	classes = {
	};
	objectVersion = 50;
	objects = {

/* Begin PBXBuildFile section */
		3D0A594D26A5D76100039E5B /* ProfileView.swift in Sources */ = {isa = PBXBuildFile; fileRef = 3D0A594C26A5D76100039E5B /* ProfileView.swift */; };
		3DD4E07026A5E8F100143EF9 /* AyatModel.swift in Sources */ = {isa = PBXBuildFile; fileRef = 3DD4E06F26A5E8F100143EF9 /* AyatModel.swift */; };
		3DD4E07326A5EFEA00143EF9 /* FetchAyat.swift in Sources */ = {isa = PBXBuildFile; fileRef = 3DD4E07226A5EFEA00143EF9 /* FetchAyat.swift */; };
		6555BC7923FC5B8600B70791 /* AppDelegate.swift in Sources */ = {isa = PBXBuildFile; fileRef = 6555BC7823FC5B8600B70791 /* AppDelegate.swift */; };
		6555BC7B23FC5B8600B70791 /* SceneDelegate.swift in Sources */ = {isa = PBXBuildFile; fileRef = 6555BC7A23FC5B8600B70791 /* SceneDelegate.swift */; };
		6555BC7D23FC5B8600B70791 /* ContentView.swift in Sources */ = {isa = PBXBuildFile; fileRef = 6555BC7C23FC5B8600B70791 /* ContentView.swift */; };
		6555BC7F23FC5B8800B70791 /* Assets.xcassets in Resources */ = {isa = PBXBuildFile; fileRef = 6555BC7E23FC5B8800B70791 /* Assets.xcassets */; };
		6555BC8223FC5B8800B70791 /* Preview Assets.xcassets in Resources */ = {isa = PBXBuildFile; fileRef = 6555BC8123FC5B8800B70791 /* Preview Assets.xcassets */; };
		6555BC8523FC5B8800B70791 /* LaunchScreen.storyboard in Resources */ = {isa = PBXBuildFile; fileRef = 6555BC8323FC5B8800B70791 /* LaunchScreen.storyboard */; };
		6555BC8D23FC5C7200B70791 /* SurahModel.swift in Sources */ = {isa = PBXBuildFile; fileRef = 6555BC8C23FC5C7200B70791 /* SurahModel.swift */; };
		6555BC9123FC5CED00B70791 /* SurahDetail.swift in Sources */ = {isa = PBXBuildFile; fileRef = 6555BC9023FC5CED00B70791 /* SurahDetail.swift */; };
/* End PBXBuildFile section */

/* Begin PBXFileReference section */
		3D0A594C26A5D76100039E5B /* ProfileView.swift */ = {isa = PBXFileReference; lastKnownFileType = sourcecode.swift; path = ProfileView.swift; sourceTree = "<group>"; };
		3DD4E06F26A5E8F100143EF9 /* AyatModel.swift */ = {isa = PBXFileReference; lastKnownFileType = sourcecode.swift; path = AyatModel.swift; sourceTree = "<group>"; };
		3DD4E07226A5EFEA00143EF9 /* FetchAyat.swift */ = {isa = PBXFileReference; lastKnownFileType = sourcecode.swift; path = FetchAyat.swift; sourceTree = "<group>"; };
		6555BC7523FC5B8600B70791 /* Pocket Quran.app */ = {isa = PBXFileReference; explicitFileType = wrapper.application; includeInIndex = 0; path = "Pocket Quran.app"; sourceTree = BUILT_PRODUCTS_DIR; };
		6555BC7823FC5B8600B70791 /* AppDelegate.swift */ = {isa = PBXFileReference; lastKnownFileType = sourcecode.swift; path = AppDelegate.swift; sourceTree = "<group>"; };
		6555BC7A23FC5B8600B70791 /* SceneDelegate.swift */ = {isa = PBXFileReference; lastKnownFileType = sourcecode.swift; path = SceneDelegate.swift; sourceTree = "<group>"; };
		6555BC7C23FC5B8600B70791 /* ContentView.swift */ = {isa = PBXFileReference; lastKnownFileType = sourcecode.swift; path = ContentView.swift; sourceTree = "<group>"; };
		6555BC7E23FC5B8800B70791 /* Assets.xcassets */ = {isa = PBXFileReference; lastKnownFileType = folder.assetcatalog; path = Assets.xcassets; sourceTree = "<group>"; };
		6555BC8123FC5B8800B70791 /* Preview Assets.xcassets */ = {isa = PBXFileReference; lastKnownFileType = folder.assetcatalog; path = "Preview Assets.xcassets"; sourceTree = "<group>"; };
		6555BC8423FC5B8800B70791 /* Base */ = {isa = PBXFileReference; lastKnownFileType = file.storyboard; name = Base; path = Base.lproj/LaunchScreen.storyboard; sourceTree = "<group>"; };
		6555BC8623FC5B8800B70791 /* Info.plist */ = {isa = PBXFileReference; lastKnownFileType = text.plist.xml; path = Info.plist; sourceTree = "<group>"; };
		6555BC8C23FC5C7200B70791 /* SurahModel.swift */ = {isa = PBXFileReference; lastKnownFileType = sourcecode.swift; path = SurahModel.swift; sourceTree = "<group>"; };
		6555BC9023FC5CED00B70791 /* SurahDetail.swift */ = {isa = PBXFileReference; lastKnownFileType = sourcecode.swift; path = SurahDetail.swift; sourceTree = "<group>"; };
/* End PBXFileReference section */

/* Begin PBXFrameworksBuildPhase section */
		6555BC7223FC5B8600B70791 /* Frameworks */ = {
			isa = PBXFrameworksBuildPhase;
			buildActionMask = 2147483647;
			files = (
			);
			runOnlyForDeploymentPostprocessing = 0;
		};
/* End PBXFrameworksBuildPhase section */

/* Begin PBXGroup section */
		3D95CF6526A612800041CC00 /* Model */ = {
			isa = PBXGroup;
			children = (
				3DD4E06F26A5E8F100143EF9 /* AyatModel.swift */,
				6555BC8C23FC5C7200B70791 /* SurahModel.swift */,
			);
			path = Model;
			sourceTree = "<group>";
		};
		3D95CF6626A6128D0041CC00 /* View */ = {
			isa = PBXGroup;
			children = (
				3D0A594C26A5D76100039E5B /* ProfileView.swift */,
				6555BC9023FC5CED00B70791 /* SurahDetail.swift */,
			);
			path = View;
			sourceTree = "<group>";
		};
		3D95CF6726A612970041CC00 /* Controller */ = {
			isa = PBXGroup;
			children = (
				3DD4E07226A5EFEA00143EF9 /* FetchAyat.swift */,
			);
			path = Controller;
			sourceTree = "<group>";
		};
		6555BC6C23FC5B8600B70791 = {
			isa = PBXGroup;
			children = (
				6555BC7723FC5B8600B70791 /* Pocket Quran */,
				6555BC7623FC5B8600B70791 /* Products */,
			);
			sourceTree = "<group>";
		};
		6555BC7623FC5B8600B70791 /* Products */ = {
			isa = PBXGroup;
			children = (
				6555BC7523FC5B8600B70791 /* Pocket Quran.app */,
			);
			name = Products;
			sourceTree = "<group>";
		};
		6555BC7723FC5B8600B70791 /* Pocket Quran */ = {
			isa = PBXGroup;
			children = (
				3D95CF6726A612970041CC00 /* Controller */,
				3D95CF6626A6128D0041CC00 /* View */,
				3D95CF6526A612800041CC00 /* Model */,
				6555BC7823FC5B8600B70791 /* AppDelegate.swift */,
				6555BC7A23FC5B8600B70791 /* SceneDelegate.swift */,
				6555BC7C23FC5B8600B70791 /* ContentView.swift */,
				6555BC7E23FC5B8800B70791 /* Assets.xcassets */,
				6555BC8323FC5B8800B70791 /* LaunchScreen.storyboard */,
				6555BC8623FC5B8800B70791 /* Info.plist */,
				6555BC8023FC5B8800B70791 /* Preview Content */,
			);
			path = "Pocket Quran";
			sourceTree = "<group>";
		};
		6555BC8023FC5B8800B70791 /* Preview Content */ = {
			isa = PBXGroup;
			children = (
				6555BC8123FC5B8800B70791 /* Preview Assets.xcassets */,
			);
			path = "Preview Content";
			sourceTree = "<group>";
		};
/* End PBXGroup section */

/* Begin PBXNativeTarget section */
		6555BC7423FC5B8600B70791 /* Pocket Quran */ = {
			isa = PBXNativeTarget;
			buildConfigurationList = 6555BC8923FC5B8800B70791 /* Build configuration list for PBXNativeTarget "Pocket Quran" */;
			buildPhases = (
				6555BC7123FC5B8600B70791 /* Sources */,
				6555BC7223FC5B8600B70791 /* Frameworks */,
				6555BC7323FC5B8600B70791 /* Resources */,
			);
			buildRules = (
			);
			dependencies = (
			);
			name = "Pocket Quran";
			productName = "SwiftUI Json List Data";
			productReference = 6555BC7523FC5B8600B70791 /* Pocket Quran.app */;
			productType = "com.apple.product-type.application";
		};
/* End PBXNativeTarget section */

/* Begin PBXProject section */
		6555BC6D23FC5B8600B70791 /* Project object */ = {
			isa = PBXProject;
			attributes = {
				LastSwiftUpdateCheck = 1130;
				LastUpgradeCheck = 1240;
				ORGANIZATIONNAME = "Imam Nurrahmat";
				TargetAttributes = {
					6555BC7423FC5B8600B70791 = {
						CreatedOnToolsVersion = 11.3.1;
					};
				};
			};
			buildConfigurationList = 6555BC7023FC5B8600B70791 /* Build configuration list for PBXProject "Pocket Quran" */;
			compatibilityVersion = "Xcode 9.3";
			developmentRegion = en;
			hasScannedForEncodings = 0;
			knownRegions = (
				en,
				Base,
			);
			mainGroup = 6555BC6C23FC5B8600B70791;
			productRefGroup = 6555BC7623FC5B8600B70791 /* Products */;
			projectDirPath = "";
			projectRoot = "";
			targets = (
				6555BC7423FC5B8600B70791 /* Pocket Quran */,
			);
		};
/* End PBXProject section */

/* Begin PBXResourcesBuildPhase section */
		6555BC7323FC5B8600B70791 /* Resources */ = {
			isa = PBXResourcesBuildPhase;
			buildActionMask = 2147483647;
			files = (
				6555BC8523FC5B8800B70791 /* LaunchScreen.storyboard in Resources */,
				6555BC8223FC5B8800B70791 /* Preview Assets.xcassets in Resources */,
				6555BC7F23FC5B8800B70791 /* Assets.xcassets in Resources */,
			);
			runOnlyForDeploymentPostprocessing = 0;
		};
/* End PBXResourcesBuildPhase section */

/* Begin PBXSourcesBuildPhase section */
		6555BC7123FC5B8600B70791 /* Sources */ = {
			isa = PBXSourcesBuildPhase;
			buildActionMask = 2147483647;
			files = (
				6555BC9123FC5CED00B70791 /* SurahDetail.swift in Sources */,
				6555BC7923FC5B8600B70791 /* AppDelegate.swift in Sources */,
				6555BC7B23FC5B8600B70791 /* SceneDelegate.swift in Sources */,
				3DD4E07326A5EFEA00143EF9 /* FetchAyat.swift in Sources */,
				6555BC7D23FC5B8600B70791 /* ContentView.swift in Sources */,
				3DD4E07026A5E8F100143EF9 /* AyatModel.swift in Sources */,
				3D0A594D26A5D76100039E5B /* ProfileView.swift in Sources */,
				6555BC8D23FC5C7200B70791 /* SurahModel.swift in Sources */,
			);
			runOnlyForDeploymentPostprocessing = 0;
		};
/* End PBXSourcesBuildPhase section */

/* Begin PBXVariantGroup section */
		6555BC8323FC5B8800B70791 /* LaunchScreen.storyboard */ = {
			isa = PBXVariantGroup;
			children = (
				6555BC8423FC5B8800B70791 /* Base */,
			);
			name = LaunchScreen.storyboard;
			sourceTree = "<group>";
		};
/* End PBXVariantGroup section */

/* Begin XCBuildConfiguration section */
		6555BC8723FC5B8800B70791 /* Debug */ = {
			isa = XCBuildConfiguration;
			buildSettings = {
				ALWAYS_SEARCH_USER_PATHS = NO;
				CLANG_ANALYZER_NONNULL = YES;
				CLANG_ANALYZER_NUMBER_OBJECT_CONVERSION = YES_AGGRESSIVE;
				CLANG_CXX_LANGUAGE_STANDARD = "gnu++14";
				CLANG_CXX_LIBRARY = "libc++";
				CLANG_ENABLE_MODULES = YES;
				CLANG_ENABLE_OBJC_ARC = YES;
				CLANG_ENABLE_OBJC_WEAK = YES;
				CLANG_WARN_BLOCK_CAPTURE_AUTORELEASING = YES;
				CLANG_WARN_BOOL_CONVERSION = YES;
				CLANG_WARN_COMMA = YES;
				CLANG_WARN_CONSTANT_CONVERSION = YES;
				CLANG_WARN_DEPRECATED_OBJC_IMPLEMENTATIONS = YES;
				CLANG_WARN_DIRECT_OBJC_ISA_USAGE = YES_ERROR;
				CLANG_WARN_DOCUMENTATION_COMMENTS = YES;
				CLANG_WARN_EMPTY_BODY = YES;
				CLANG_WARN_ENUM_CONVERSION = YES;
				CLANG_WARN_INFINITE_RECURSION = YES;
				CLANG_WARN_INT_CONVERSION = YES;
				CLANG_WARN_NON_LITERAL_NULL_CONVERSION = YES;
				CLANG_WARN_OBJC_IMPLICIT_RETAIN_SELF = YES;
				CLANG_WARN_OBJC_LITERAL_CONVERSION = YES;
				CLANG_WARN_OBJC_ROOT_CLASS = YES_ERROR;
				CLANG_WARN_QUOTED_INCLUDE_IN_FRAMEWORK_HEADER = YES;
				CLANG_WARN_RANGE_LOOP_ANALYSIS = YES;
				CLANG_WARN_STRICT_PROTOTYPES = YES;
				CLANG_WARN_SUSPICIOUS_MOVE = YES;
				CLANG_WARN_UNGUARDED_AVAILABILITY = YES_AGGRESSIVE;
				CLANG_WARN_UNREACHABLE_CODE = YES;
				CLANG_WARN__DUPLICATE_METHOD_MATCH = YES;
				COPY_PHASE_STRIP = NO;
				DEBUG_INFORMATION_FORMAT = dwarf;
				ENABLE_STRICT_OBJC_MSGSEND = YES;
				ENABLE_TESTABILITY = YES;
				GCC_C_LANGUAGE_STANDARD = gnu11;
				GCC_DYNAMIC_NO_PIC = NO;
				GCC_NO_COMMON_BLOCKS = YES;
				GCC_OPTIMIZATION_LEVEL = 0;
				GCC_PREPROCESSOR_DEFINITIONS = (
					"DEBUG=1",
					"$(inherited)",
				);
				GCC_WARN_64_TO_32_BIT_CONVERSION = YES;
				GCC_WARN_ABOUT_RETURN_TYPE = YES_ERROR;
				GCC_WARN_UNDECLARED_SELECTOR = YES;
				GCC_WARN_UNINITIALIZED_AUTOS = YES_AGGRESSIVE;
				GCC_WARN_UNUSED_FUNCTION = YES;
				GCC_WARN_UNUSED_VARIABLE = YES;
				IPHONEOS_DEPLOYMENT_TARGET = 13.2;
				MTL_ENABLE_DEBUG_INFO = INCLUDE_SOURCE;
				MTL_FAST_MATH = YES;
				ONLY_ACTIVE_ARCH = YES;
				SDKROOT = iphoneos;
				SWIFT_ACTIVE_COMPILATION_CONDITIONS = DEBUG;
				SWIFT_OPTIMIZATION_LEVEL = "-Onone";
			};
			name = Debug;
		};
		6555BC8823FC5B8800B70791 /* Release */ = {
			isa = XCBuildConfiguration;
			buildSettings = {
				ALWAYS_SEARCH_USER_PATHS = NO;
				CLANG_ANALYZER_NONNULL = YES;
				CLANG_ANALYZER_NUMBER_OBJECT_CONVERSION = YES_AGGRESSIVE;
				CLANG_CXX_LANGUAGE_STANDARD = "gnu++14";
				CLANG_CXX_LIBRARY = "libc++";
				CLANG_ENABLE_MODULES = YES;
				CLANG_ENABLE_OBJC_ARC = YES;
				CLANG_ENABLE_OBJC_WEAK = YES;
				CLANG_WARN_BLOCK_CAPTURE_AUTORELEASING = YES;
				CLANG_WARN_BOOL_CONVERSION = YES;
				CLANG_WARN_COMMA = YES;
				CLANG_WARN_CONSTANT_CONVERSION = YES;
				CLANG_WARN_DEPRECATED_OBJC_IMPLEMENTATIONS = YES;
				CLANG_WARN_DIRECT_OBJC_ISA_USAGE = YES_ERROR;
				CLANG_WARN_DOCUMENTATION_COMMENTS = YES;
				CLANG_WARN_EMPTY_BODY = YES;
				CLANG_WARN_ENUM_CONVERSION = YES;
				CLANG_WARN_INFINITE_RECURSION = YES;
				CLANG_WARN_INT_CONVERSION = YES;
				CLANG_WARN_NON_LITERAL_NULL_CONVERSION = YES;
				CLANG_WARN_OBJC_IMPLICIT_RETAIN_SELF = YES;
				CLANG_WARN_OBJC_LITERAL_CONVERSION = YES;
				CLANG_WARN_OBJC_ROOT_CLASS = YES_ERROR;
				CLANG_WARN_QUOTED_INCLUDE_IN_FRAMEWORK_HEADER = YES;
				CLANG_WARN_RANGE_LOOP_ANALYSIS = YES;
				CLANG_WARN_STRICT_PROTOTYPES = YES;
				CLANG_WARN_SUSPICIOUS_MOVE = YES;
				CLANG_WARN_UNGUARDED_AVAILABILITY = YES_AGGRESSIVE;
				CLANG_WARN_UNREACHABLE_CODE = YES;
				CLANG_WARN__DUPLICATE_METHOD_MATCH = YES;
				COPY_PHASE_STRIP = NO;
				DEBUG_INFORMATION_FORMAT = "dwarf-with-dsym";
				ENABLE_NS_ASSERTIONS = NO;
				ENABLE_STRICT_OBJC_MSGSEND = YES;
				GCC_C_LANGUAGE_STANDARD = gnu11;
				GCC_NO_COMMON_BLOCKS = YES;
				GCC_WARN_64_TO_32_BIT_CONVERSION = YES;
				GCC_WARN_ABOUT_RETURN_TYPE = YES_ERROR;
				GCC_WARN_UNDECLARED_SELECTOR = YES;
				GCC_WARN_UNINITIALIZED_AUTOS = YES_AGGRESSIVE;
				GCC_WARN_UNUSED_FUNCTION = YES;
				GCC_WARN_UNUSED_VARIABLE = YES;
				IPHONEOS_DEPLOYMENT_TARGET = 13.2;
				MTL_ENABLE_DEBUG_INFO = NO;
				MTL_FAST_MATH = YES;
				SDKROOT = iphoneos;
				SWIFT_COMPILATION_MODE = wholemodule;
				SWIFT_OPTIMIZATION_LEVEL = "-O";
				VALIDATE_PRODUCT = YES;
			};
			name = Release;
		};
		6555BC8A23FC5B8800B70791 /* Debug */ = {
			isa = XCBuildConfiguration;
			buildSettings = {
				ASSETCATALOG_COMPILER_APPICON_NAME = AppIcon;
				CODE_SIGN_STYLE = Automatic;
				DEVELOPMENT_ASSET_PATHS = "\"Pocket Quran/Preview Content\"";
				DEVELOPMENT_TEAM = KWBLAGPH5W;
				ENABLE_PREVIEWS = YES;
				INFOPLIST_FILE = "Pocket Quran/Info.plist";
				LD_RUNPATH_SEARCH_PATHS = (
					"$(inherited)",
					"@executable_path/Frameworks",
				);
				PRODUCT_BUNDLE_IDENTIFIER = com.nurrehmet.pocketquran;
				PRODUCT_NAME = "$(TARGET_NAME)";
				SWIFT_VERSION = 5.0;
				TARGETED_DEVICE_FAMILY = "1,2";
			};
			name = Debug;
		};
		6555BC8B23FC5B8800B70791 /* Release */ = {
			isa = XCBuildConfiguration;
			buildSettings = {
				ASSETCATALOG_COMPILER_APPICON_NAME = AppIcon;
				CODE_SIGN_STYLE = Automatic;
				DEVELOPMENT_ASSET_PATHS = "\"Pocket Quran/Preview Content\"";
				DEVELOPMENT_TEAM = KWBLAGPH5W;
				ENABLE_PREVIEWS = YES;
				INFOPLIST_FILE = "Pocket Quran/Info.plist";
				LD_RUNPATH_SEARCH_PATHS = (
					"$(inherited)",
					"@executable_path/Frameworks",
				);
				PRODUCT_BUNDLE_IDENTIFIER = com.nurrehmet.pocketquran;
				PRODUCT_NAME = "$(TARGET_NAME)";
				SWIFT_VERSION = 5.0;
				TARGETED_DEVICE_FAMILY = "1,2";
			};
			name = Release;
		};
/* End XCBuildConfiguration section */

/* Begin XCConfigurationList section */
		6555BC7023FC5B8600B70791 /* Build configuration list for PBXProject "Pocket Quran" */ = {
			isa = XCConfigurationList;
			buildConfigurations = (
				6555BC8723FC5B8800B70791 /* Debug */,
				6555BC8823FC5B8800B70791 /* Release */,
			);
			defaultConfigurationIsVisible = 0;
			defaultConfigurationName = Release;
		};
		6555BC8923FC5B8800B70791 /* Build configuration list for PBXNativeTarget "Pocket Quran" */ = {
			isa = XCConfigurationList;
			buildConfigurations = (
				6555BC8A23FC5B8800B70791 /* Debug */,
				6555BC8B23FC5B8800B70791 /* Release */,
			);
			defaultConfigurationIsVisible = 0;
			defaultConfigurationName = Release;
		};
/* End XCConfigurationList section */
	};
	rootObject = 6555BC6D23FC5B8600B70791 /* Project object */;
}
